<?xml version="1.0" encoding="utf-8"?>
<Project ToolsVersion="4.0" xmlns="http://schemas.microsoft.com/developer/msbuild/2003">
  <ItemGroup>
    <Filter Include="include">
      <UniqueIdentifier>{c0498a8d-f2ae-441f-8ce5-7e218a919295}</UniqueIdentifier>
    </Filter>
    <Filter Include="src">
      <UniqueIdentifier>{09812cf7-96d4-4944-991a-f74259f93157}</UniqueIdentifier>
    </Filter>
  </ItemGroup>
  <ItemGroup>
    <ClInclude Include="..\..\..\..\src\TzMedia\TzMediaExport.h">
      <Filter>include</Filter>
    </ClInclude>
    <ClInclude Include="..\..\..\..\src\TzMedia\TzWaveFile.h">
      <Filter>include</Filter>
    </ClInclude>
  </ItemGroup>
  <ItemGroup>
    <ClCompile Include="..\..\..\..\src\TzMedia\TzWaveFile.c">
      <Filter>src</Filter>
    </ClCompile>
  </ItemGroup>
</Project>