<?xml version="1.0" encoding="utf-8"?>
<Project ToolsVersion="4.0" xmlns="http://schemas.microsoft.com/developer/msbuild/2003">
  <ItemGroup>
    <Filter Include="include">
      <UniqueIdentifier>{075bfb7c-e614-4d70-b9c5-0f0ba294880b}</UniqueIdentifier>
    </Filter>
    <Filter Include="src">
      <UniqueIdentifier>{fb6767e6-cfea-4ae1-8716-0ba61116bd42}</UniqueIdentifier>
    </Filter>
  </ItemGroup>
  <ItemGroup>
    <ClInclude Include="..\..\..\..\src\TzOSFacade\TzHeap.h">
      <Filter>include</Filter>
    </ClInclude>
    <ClInclude Include="..\..\..\..\src\TzOSFacade\TzOSFacade.h">
      <Filter>include</Filter>
    </ClInclude>
    <ClInclude Include="..\..\..\..\src\TzOSFacade\TzOSFacadeExport.h">
      <Filter>include</Filter>
    </ClInclude>
  </ItemGroup>
  <ItemGroup>
    <ClCompile Include="..\..\..\..\src\TzOSFacade\TzHeap.c">
      <Filter>src</Filter>
    </ClCompile>
  </ItemGroup>
</Project>