<?xml version="1.0" encoding="utf-8"?>
<Project ToolsVersion="4.0" xmlns="http://schemas.microsoft.com/developer/msbuild/2003">
  <ItemGroup>
    <Filter Include="include">
      <UniqueIdentifier>{1d79167a-f5d4-48c3-bcf9-0213f6c98618}</UniqueIdentifier>
    </Filter>
    <Filter Include="src">
      <UniqueIdentifier>{641cbc04-4586-49cf-87d4-d46cdb501c41}</UniqueIdentifier>
    </Filter>
  </ItemGroup>
  <ItemGroup>
    <ClInclude Include="..\..\..\..\src\TzMemory\TzMemory.h">
      <Filter>include</Filter>
    </ClInclude>
    <ClInclude Include="..\..\..\..\src\TzMemory\TzString.h">
      <Filter>include</Filter>
    </ClInclude>
    <ClInclude Include="..\..\..\..\src\TzMemory\TzMemExport.h">
      <Filter>include</Filter>
    </ClInclude>
  </ItemGroup>
  <ItemGroup>
    <ClCompile Include="..\..\..\..\src\TzMemory\TzString.c">
      <Filter>src</Filter>
    </ClCompile>
  </ItemGroup>
</Project>